
Microsoft Visual Studio Solution File, Format Version 12.00
# Visual Studio Version 16
VisualStudioVersion = 16.0.30114.105
MinimumVisualStudioVersion = 10.0.40219.1
Project("{9A19103F-16F7-4668-BE54-9A1E7A4F7556}") = "Abc.PerformanceTests", "Performance\Abc.PerformanceTests.csproj", "{FAC332EC-973E-42D6-8E29-CAA9E3CDBCA7}"
EndProject
Project("{9A19103F-16F7-4668-BE54-9A1E7A4F7556}") = "Abc.Maybe", "..\src\Abc.Maybe\Abc.Maybe.csproj", "{88CAA35C-BC1E-438E-AD56-1B153A948B41}"
EndProject
Global
	GlobalSection(SolutionConfigurationPlatforms) = preSolution
		Debug|Any CPU = Debug|Any CPU
		Release|Any CPU = Release|Any CPU
	EndGlobalSection
	GlobalSection(ProjectConfigurationPlatforms) = postSolution
		{FAC332EC-973E-42D6-8E29-CAA9E3CDBCA7}.Debug|Any CPU.ActiveCfg = Debug|Any CPU
		{FAC332EC-973E-42D6-8E29-CAA9E3CDBCA7}.Debug|Any CPU.Build.0 = Debug|Any CPU
		{FAC332EC-973E-42D6-8E29-CAA9E3CDBCA7}.Release|Any CPU.ActiveCfg = Release|Any CPU
		{FAC332EC-973E-42D6-8E29-CAA9E3CDBCA7}.Release|Any CPU.Build.0 = Release|Any CPU
		{88CAA35C-BC1E-438E-AD56-1B153A948B41}.Debug|Any CPU.ActiveCfg = Debug|Any CPU
		{88CAA35C-BC1E-438E-AD56-1B153A948B41}.Debug|Any CPU.Build.0 = Debug|Any CPU
		{88CAA35C-BC1E-438E-AD56-1B153A948B41}.Release|Any CPU.ActiveCfg = Release|Any CPU
		{88CAA35C-BC1E-438E-AD56-1B153A948B41}.Release|Any CPU.Build.0 = Release|Any CPU
	EndGlobalSection
	GlobalSection(SolutionProperties) = preSolution
		HideSolutionNode = FALSE
	EndGlobalSection
	GlobalSection(ExtensibilityGlobals) = postSolution
		SolutionGuid = {C3117CF2-CAFD-4257-81BB-14CCA4837548}
	EndGlobalSection
EndGlobal
