
Microsoft Visual Studio Solution File, Format Version 12.00
# Visual Studio Version 16
VisualStudioVersion = 16.0.29806.167
MinimumVisualStudioVersion = 10.0.40219.1
Project("{2150E333-8FDC-42A3-9474-1A3956D46DE8}") = "Solution Items", "Solution Items", "{4B926891-DAB0-4792-AB7B-E1A0C001843A}"
EndProject
Project("{9A19103F-16F7-4668-BE54-9A1E7A4F7556}") = "Abc.Tests", "src\Abc.Tests\Abc.Tests.csproj", "{97EEB1BB-E86D-4BA2-B9EA-FABF10631507}"
EndProject
Project("{9A19103F-16F7-4668-BE54-9A1E7A4F7556}") = "Abc.Testing", "src\Abc.Testing\Abc.Testing.csproj", "{18EE8451-4EC1-4D48-A50F-A1D26BE7EADF}"
EndProject
Project("{9A19103F-16F7-4668-BE54-9A1E7A4F7556}") = "play", "src\play\play.csproj", "{23AD4F3B-5BE8-4C70-86D8-C572538096FF}"
EndProject
Project("{9A19103F-16F7-4668-BE54-9A1E7A4F7556}") = "Abc.Maybe", "src\Abc.Maybe\Abc.Maybe.csproj", "{2D1F5163-F407-4DCA-83B4-A5728566EA2A}"
EndProject
Project("{9A19103F-16F7-4668-BE54-9A1E7A4F7556}") = "perf", "src\perf\perf.csproj", "{12530C57-F625-4348-A431-C3913518390A}"
EndProject
Project("{9A19103F-16F7-4668-BE54-9A1E7A4F7556}") = "Abc.Sketches", "src\Abc.Sketches\Abc.Sketches.csproj", "{E0903B97-BC55-44F7-8243-C8B50769E919}"
EndProject
Project("{2150E333-8FDC-42A3-9474-1A3956D46DE8}") = "src", "src", "{D158B7E6-CFFB-40FF-B775-6E6995648EFC}"
	ProjectSection(SolutionItems) = preProject
		src\Directory.Build.props = src\Directory.Build.props
		src\Directory.Build.targets = src\Directory.Build.targets
	EndProjectSection
EndProject
Project("{2150E333-8FDC-42A3-9474-1A3956D46DE8}") = "eng", "eng", "{6D957FE8-23D0-4985-A91C-F1CC399AA453}"
	ProjectSection(SolutionItems) = preProject
		eng\Abc.Maybe.props = eng\Abc.Maybe.props
		eng\abc.ps1 = eng\abc.ps1
		eng\cover.ps1 = eng\cover.ps1
		eng\dump-test-suite.cmd = eng\dump-test-suite.cmd
		eng\freeze-api.ps1 = eng\freeze-api.ps1
		eng\pack.ps1 = eng\pack.ps1
		eng\post-check.ps1 = eng\post-check.ps1
		eng\qbuild.cmd = eng\qbuild.cmd
		eng\qperf.cmd = eng\qperf.cmd
		eng\qtest.cmd = eng\qtest.cmd
		eng\reset.ps1 = eng\reset.ps1
		eng\Retail.targets = eng\Retail.targets
		eng\Retail.tasks = eng\Retail.tasks
	EndProjectSection
EndProject
Global
	GlobalSection(SolutionConfigurationPlatforms) = preSolution
		Debug|Any CPU = Debug|Any CPU
		Release|Any CPU = Release|Any CPU
	EndGlobalSection
	GlobalSection(ProjectConfigurationPlatforms) = postSolution
		{97EEB1BB-E86D-4BA2-B9EA-FABF10631507}.Debug|Any CPU.ActiveCfg = Debug|Any CPU
		{97EEB1BB-E86D-4BA2-B9EA-FABF10631507}.Debug|Any CPU.Build.0 = Debug|Any CPU
		{97EEB1BB-E86D-4BA2-B9EA-FABF10631507}.Release|Any CPU.ActiveCfg = Release|Any CPU
		{97EEB1BB-E86D-4BA2-B9EA-FABF10631507}.Release|Any CPU.Build.0 = Release|Any CPU
		{18EE8451-4EC1-4D48-A50F-A1D26BE7EADF}.Debug|Any CPU.ActiveCfg = Debug|Any CPU
		{18EE8451-4EC1-4D48-A50F-A1D26BE7EADF}.Debug|Any CPU.Build.0 = Debug|Any CPU
		{18EE8451-4EC1-4D48-A50F-A1D26BE7EADF}.Release|Any CPU.ActiveCfg = Release|Any CPU
		{18EE8451-4EC1-4D48-A50F-A1D26BE7EADF}.Release|Any CPU.Build.0 = Release|Any CPU
		{23AD4F3B-5BE8-4C70-86D8-C572538096FF}.Debug|Any CPU.ActiveCfg = Debug|Any CPU
		{23AD4F3B-5BE8-4C70-86D8-C572538096FF}.Debug|Any CPU.Build.0 = Debug|Any CPU
		{23AD4F3B-5BE8-4C70-86D8-C572538096FF}.Release|Any CPU.ActiveCfg = Release|Any CPU
		{23AD4F3B-5BE8-4C70-86D8-C572538096FF}.Release|Any CPU.Build.0 = Release|Any CPU
		{2D1F5163-F407-4DCA-83B4-A5728566EA2A}.Debug|Any CPU.ActiveCfg = Debug|Any CPU
		{2D1F5163-F407-4DCA-83B4-A5728566EA2A}.Debug|Any CPU.Build.0 = Debug|Any CPU
		{2D1F5163-F407-4DCA-83B4-A5728566EA2A}.Release|Any CPU.ActiveCfg = Release|Any CPU
		{2D1F5163-F407-4DCA-83B4-A5728566EA2A}.Release|Any CPU.Build.0 = Release|Any CPU
		{12530C57-F625-4348-A431-C3913518390A}.Debug|Any CPU.ActiveCfg = Debug|Any CPU
		{12530C57-F625-4348-A431-C3913518390A}.Debug|Any CPU.Build.0 = Debug|Any CPU
		{12530C57-F625-4348-A431-C3913518390A}.Release|Any CPU.ActiveCfg = Release|Any CPU
		{12530C57-F625-4348-A431-C3913518390A}.Release|Any CPU.Build.0 = Release|Any CPU
		{E0903B97-BC55-44F7-8243-C8B50769E919}.Debug|Any CPU.ActiveCfg = Debug|Any CPU
		{E0903B97-BC55-44F7-8243-C8B50769E919}.Debug|Any CPU.Build.0 = Debug|Any CPU
		{E0903B97-BC55-44F7-8243-C8B50769E919}.Release|Any CPU.ActiveCfg = Release|Any CPU
		{E0903B97-BC55-44F7-8243-C8B50769E919}.Release|Any CPU.Build.0 = Release|Any CPU
	EndGlobalSection
	GlobalSection(SolutionProperties) = preSolution
		HideSolutionNode = FALSE
	EndGlobalSection
	GlobalSection(NestedProjects) = preSolution
		{D158B7E6-CFFB-40FF-B775-6E6995648EFC} = {4B926891-DAB0-4792-AB7B-E1A0C001843A}
		{6D957FE8-23D0-4985-A91C-F1CC399AA453} = {4B926891-DAB0-4792-AB7B-E1A0C001843A}
	EndGlobalSection
	GlobalSection(ExtensibilityGlobals) = postSolution
		SolutionGuid = {1739E5AC-504C-40F8-968B-64F1F620D3C3}
	EndGlobalSection
EndGlobal
